
Microsoft Visual Studio Solution File, Format Version 12.00
# Visual Studio 15
VisualStudioVersion = 15.0.26124.0
MinimumVisualStudioVersion = 15.0.26124.0
Project("{FAE04EC0-301F-11D3-BF4B-00C04F79EFBC}") = "MarkLogic.Client", "MarkLogic.Client\MarkLogic.Client.csproj", "{562D6758-147D-4249-9DF6-C3FC3B104A63}"
EndProject
Project("{FAE04EC0-301F-11D3-BF4B-00C04F79EFBC}") = "MarkLogic.Client.Tests", "MarkLogic.Client.Tests\MarkLogic.Client.Tests.csproj", "{413831F2-B0A7-4421-9B4A-3CB3576E1838}"
EndProject
Global
	GlobalSection(SolutionConfigurationPlatforms) = preSolution
		Debug|Any CPU = Debug|Any CPU
		Debug|x64 = Debug|x64
		Debug|x86 = Debug|x86
		Release|Any CPU = Release|Any CPU
		Release|x64 = Release|x64
		Release|x86 = Release|x86
	EndGlobalSection
	GlobalSection(SolutionProperties) = preSolution
		HideSolutionNode = FALSE
	EndGlobalSection
	GlobalSection(ProjectConfigurationPlatforms) = postSolution
		{562D6758-147D-4249-9DF6-C3FC3B104A63}.Debug|Any CPU.ActiveCfg = Debug|Any CPU
		{562D6758-147D-4249-9DF6-C3FC3B104A63}.Debug|Any CPU.Build.0 = Debug|Any CPU
		{562D6758-147D-4249-9DF6-C3FC3B104A63}.Debug|x64.ActiveCfg = Debug|Any CPU
		{562D6758-147D-4249-9DF6-C3FC3B104A63}.Debug|x64.Build.0 = Debug|Any CPU
		{562D6758-147D-4249-9DF6-C3FC3B104A63}.Debug|x86.ActiveCfg = Debug|Any CPU
		{562D6758-147D-4249-9DF6-C3FC3B104A63}.Debug|x86.Build.0 = Debug|Any CPU
		{562D6758-147D-4249-9DF6-C3FC3B104A63}.Release|Any CPU.ActiveCfg = Release|Any CPU
		{562D6758-147D-4249-9DF6-C3FC3B104A63}.Release|Any CPU.Build.0 = Release|Any CPU
		{562D6758-147D-4249-9DF6-C3FC3B104A63}.Release|x64.ActiveCfg = Release|Any CPU
		{562D6758-147D-4249-9DF6-C3FC3B104A63}.Release|x64.Build.0 = Release|Any CPU
		{562D6758-147D-4249-9DF6-C3FC3B104A63}.Release|x86.ActiveCfg = Release|Any CPU
		{562D6758-147D-4249-9DF6-C3FC3B104A63}.Release|x86.Build.0 = Release|Any CPU
		{413831F2-B0A7-4421-9B4A-3CB3576E1838}.Debug|Any CPU.ActiveCfg = Debug|Any CPU
		{413831F2-B0A7-4421-9B4A-3CB3576E1838}.Debug|Any CPU.Build.0 = Debug|Any CPU
		{413831F2-B0A7-4421-9B4A-3CB3576E1838}.Debug|x64.ActiveCfg = Debug|Any CPU
		{413831F2-B0A7-4421-9B4A-3CB3576E1838}.Debug|x64.Build.0 = Debug|Any CPU
		{413831F2-B0A7-4421-9B4A-3CB3576E1838}.Debug|x86.ActiveCfg = Debug|Any CPU
		{413831F2-B0A7-4421-9B4A-3CB3576E1838}.Debug|x86.Build.0 = Debug|Any CPU
		{413831F2-B0A7-4421-9B4A-3CB3576E1838}.Release|Any CPU.ActiveCfg = Release|Any CPU
		{413831F2-B0A7-4421-9B4A-3CB3576E1838}.Release|Any CPU.Build.0 = Release|Any CPU
		{413831F2-B0A7-4421-9B4A-3CB3576E1838}.Release|x64.ActiveCfg = Release|Any CPU
		{413831F2-B0A7-4421-9B4A-3CB3576E1838}.Release|x64.Build.0 = Release|Any CPU
		{413831F2-B0A7-4421-9B4A-3CB3576E1838}.Release|x86.ActiveCfg = Release|Any CPU
		{413831F2-B0A7-4421-9B4A-3CB3576E1838}.Release|x86.Build.0 = Release|Any CPU
	EndGlobalSection
EndGlobal
